
Microsoft Visual Studio Solution File, Format Version 11.00
# Visual Studio 2010
Project("{FAE04EC0-301F-11D3-BF4B-00C04F79EFBC}") = "2SQUARE", "2SQUARE\2SQUARE.csproj", "{FBF7DDCC-B154-4CCC-9D64-CAA6ACB0AC06}"
EndProject
Project("{2150E333-8FDC-42A3-9474-1A3956D46DE8}") = "bin", "bin", "{3C337B85-BF1C-492C-B675-A52CBB325ED4}"
	ProjectSection(SolutionItems) = preProject
		bin\Castle.Core.dll = bin\Castle.Core.dll
		bin\Castle.DynamicProxy2.dll = bin\Castle.DynamicProxy2.dll
		bin\Castle.MicroKernel.dll = bin\Castle.MicroKernel.dll
		bin\Castle.Windsor.dll = bin\Castle.Windsor.dll
		bin\Iesi.Collections.dll = bin\Iesi.Collections.dll
		bin\log4net.dll = bin\log4net.dll
		bin\Microsoft.Practices.ServiceLocation.dll = bin\Microsoft.Practices.ServiceLocation.dll
		bin\Microsoft.Web.Mvc.AspNet4.dll = bin\Microsoft.Web.Mvc.AspNet4.dll
		bin\Microsoft.Web.Mvc.AspNet4.pdb = bin\Microsoft.Web.Mvc.AspNet4.pdb
		bin\Microsoft.Web.Mvc.Build.dll = bin\Microsoft.Web.Mvc.Build.dll
		bin\Microsoft.Web.Mvc.Build.pdb = bin\Microsoft.Web.Mvc.Build.pdb
		bin\Microsoft.Web.Mvc.dll = bin\Microsoft.Web.Mvc.dll
		bin\Microsoft.Web.Mvc.pdb = bin\Microsoft.Web.Mvc.pdb
		bin\MvcContrib.Castle.dll = bin\MvcContrib.Castle.dll
		bin\MvcContrib.dll = bin\MvcContrib.dll
		bin\MvcContrib.FluentHtml.dll = bin\MvcContrib.FluentHtml.dll
		bin\MvcContrib.FluentHtml.pdb = bin\MvcContrib.FluentHtml.pdb
		bin\MvcContrib.FluentHtml.xml = bin\MvcContrib.FluentHtml.xml
		bin\MvcContrib.pdb = bin\MvcContrib.pdb
		bin\MvcContrib.XML = bin\MvcContrib.XML
	EndProjectSection
EndProject
Project("{C8D11400-126E-41CD-887F-60BD40844F9E}") = "2Square.Sql", "2Square.Sql\2Square.Sql.dbproj", "{67CBC824-A49E-4E9B-A947-360F3DFE65C3}"
EndProject
Project("{2150E333-8FDC-42A3-9474-1A3956D46DE8}") = "Solution Items", "Solution Items", "{D87D923F-649B-43F0-AF00-B287BE35CE41}"
	ProjectSection(SolutionItems) = preProject
		..\..\..\Desktop\2SQUARE.vsd = ..\..\..\Desktop\2SQUARE.vsd
	EndProjectSection
EndProject
Project("{FAE04EC0-301F-11D3-BF4B-00C04F79EFBC}") = "2SQUARE.Core", "2SQUARE.Core\2SQUARE.Core.csproj", "{100FBADC-DFD0-48CA-96D0-C3E4B91BDE68}"
EndProject
Global
	GlobalSection(SolutionConfigurationPlatforms) = preSolution
		Debug|Any CPU = Debug|Any CPU
		Release|Any CPU = Release|Any CPU
	EndGlobalSection
	GlobalSection(ProjectConfigurationPlatforms) = postSolution
		{FBF7DDCC-B154-4CCC-9D64-CAA6ACB0AC06}.Debug|Any CPU.ActiveCfg = Debug|Any CPU
		{FBF7DDCC-B154-4CCC-9D64-CAA6ACB0AC06}.Debug|Any CPU.Build.0 = Debug|Any CPU
		{FBF7DDCC-B154-4CCC-9D64-CAA6ACB0AC06}.Release|Any CPU.ActiveCfg = Release|Any CPU
		{FBF7DDCC-B154-4CCC-9D64-CAA6ACB0AC06}.Release|Any CPU.Build.0 = Release|Any CPU
		{67CBC824-A49E-4E9B-A947-360F3DFE65C3}.Debug|Any CPU.ActiveCfg = Debug|Any CPU
		{67CBC824-A49E-4E9B-A947-360F3DFE65C3}.Debug|Any CPU.Build.0 = Debug|Any CPU
		{67CBC824-A49E-4E9B-A947-360F3DFE65C3}.Debug|Any CPU.Deploy.0 = Debug|Any CPU
		{67CBC824-A49E-4E9B-A947-360F3DFE65C3}.Release|Any CPU.ActiveCfg = Release|Any CPU
		{67CBC824-A49E-4E9B-A947-360F3DFE65C3}.Release|Any CPU.Build.0 = Release|Any CPU
		{67CBC824-A49E-4E9B-A947-360F3DFE65C3}.Release|Any CPU.Deploy.0 = Release|Any CPU
		{100FBADC-DFD0-48CA-96D0-C3E4B91BDE68}.Debug|Any CPU.ActiveCfg = Debug|Any CPU
		{100FBADC-DFD0-48CA-96D0-C3E4B91BDE68}.Debug|Any CPU.Build.0 = Debug|Any CPU
		{100FBADC-DFD0-48CA-96D0-C3E4B91BDE68}.Release|Any CPU.ActiveCfg = Release|Any CPU
		{100FBADC-DFD0-48CA-96D0-C3E4B91BDE68}.Release|Any CPU.Build.0 = Release|Any CPU
	EndGlobalSection
	GlobalSection(SolutionProperties) = preSolution
		HideSolutionNode = FALSE
	EndGlobalSection
	GlobalSection(RocketSvnScc) = preSolution
		Svn-Managed = True
		Manager = Rocket SVN - Subversion Support for Visual Studio
	EndGlobalSection
EndGlobal
